// !$*UTF8*$!
{
	archiveVersion = 1;
	classes = {
	};
	objectVersion = 51;
	objects = {

/* Begin PBXBuildFile section */
		A47AF78C523BDFADBE5257F7 /* Pods_SampleAppExample.framework in Frameworks */ = {isa = PBXBuildFile; fileRef = 1A26113B5F965DB489941757 /* Pods_SampleAppExample.framework */; };
		DD1F206D267129E8009F3EE3 /* AppDelegate.swift in Sources */ = {isa = PBXBuildFile; fileRef = DD1F206C267129E8009F3EE3 /* AppDelegate.swift */; };
		DD1F206F267129E8009F3EE3 /* SceneDelegate.swift in Sources */ = {isa = PBXBuildFile; fileRef = DD1F206E267129E8009F3EE3 /* SceneDelegate.swift */; };
		DD1F2071267129E8009F3EE3 /* ViewController.swift in Sources */ = {isa = PBXBuildFile; fileRef = DD1F2070267129E8009F3EE3 /* ViewController.swift */; };
		DD1F2074267129E8009F3EE3 /* Main.storyboard in Resources */ = {isa = PBXBuildFile; fileRef = DD1F2072267129E8009F3EE3 /* Main.storyboard */; };
		DD1F2076267129EA009F3EE3 /* Assets.xcassets in Resources */ = {isa = PBXBuildFile; fileRef = DD1F2075267129EA009F3EE3 /* Assets.xcassets */; };
		DD1F2079267129EA009F3EE3 /* LaunchScreen.storyboard in Resources */ = {isa = PBXBuildFile; fileRef = DD1F2077267129EA009F3EE3 /* LaunchScreen.storyboard */; };
/* End PBXBuildFile section */

/* Begin PBXFileReference section */
		1A26113B5F965DB489941757 /* Pods_SampleAppExample.framework */ = {isa = PBXFileReference; explicitFileType = wrapper.framework; includeInIndex = 0; path = Pods_SampleAppExample.framework; sourceTree = BUILT_PRODUCTS_DIR; };
		DD1F2069267129E8009F3EE3 /* SampleAppExample.app */ = {isa = PBXFileReference; explicitFileType = wrapper.application; includeInIndex = 0; path = SampleAppExample.app; sourceTree = BUILT_PRODUCTS_DIR; };
		DD1F206C267129E8009F3EE3 /* AppDelegate.swift */ = {isa = PBXFileReference; lastKnownFileType = sourcecode.swift; path = AppDelegate.swift; sourceTree = "<group>"; };
		DD1F206E267129E8009F3EE3 /* SceneDelegate.swift */ = {isa = PBXFileReference; lastKnownFileType = sourcecode.swift; path = SceneDelegate.swift; sourceTree = "<group>"; };
		DD1F2070267129E8009F3EE3 /* ViewController.swift */ = {isa = PBXFileReference; lastKnownFileType = sourcecode.swift; path = ViewController.swift; sourceTree = "<group>"; };
		DD1F2073267129E8009F3EE3 /* Base */ = {isa = PBXFileReference; lastKnownFileType = file.storyboard; name = Base; path = Base.lproj/Main.storyboard; sourceTree = "<group>"; };
		DD1F2075267129EA009F3EE3 /* Assets.xcassets */ = {isa = PBXFileReference; lastKnownFileType = folder.assetcatalog; path = Assets.xcassets; sourceTree = "<group>"; };
		DD1F2078267129EA009F3EE3 /* Base */ = {isa = PBXFileReference; lastKnownFileType = file.storyboard; name = Base; path = Base.lproj/LaunchScreen.storyboard; sourceTree = "<group>"; };
		DD1F207A267129EA009F3EE3 /* Info.plist */ = {isa = PBXFileReference; lastKnownFileType = text.plist.xml; path = Info.plist; sourceTree = "<group>"; };
		E8F0CD66D206E4F7077FAE4C /* Pods-SampleAppExample.debug.xcconfig */ = {isa = PBXFileReference; includeInIndex = 1; lastKnownFileType = text.xcconfig; name = "Pods-SampleAppExample.debug.xcconfig"; path = "Target Support Files/Pods-SampleAppExample/Pods-SampleAppExample.debug.xcconfig"; sourceTree = "<group>"; };
		FD7316C3719F66106403BCBE /* Pods-SampleAppExample.release.xcconfig */ = {isa = PBXFileReference; includeInIndex = 1; lastKnownFileType = text.xcconfig; name = "Pods-SampleAppExample.release.xcconfig"; path = "Target Support Files/Pods-SampleAppExample/Pods-SampleAppExample.release.xcconfig"; sourceTree = "<group>"; };
/* End PBXFileReference section */

/* Begin PBXFrameworksBuildPhase section */
		DD1F2066267129E8009F3EE3 /* Frameworks */ = {
			isa = PBXFrameworksBuildPhase;
			buildActionMask = 2147483647;
			files = (
				A47AF78C523BDFADBE5257F7 /* Pods_SampleAppExample.framework in Frameworks */,
			);
			runOnlyForDeploymentPostprocessing = 0;
		};
/* End PBXFrameworksBuildPhase section */

/* Begin PBXGroup section */
		144208BB525772E6F851501F /* Frameworks */ = {
			isa = PBXGroup;
			children = (
				1A26113B5F965DB489941757 /* Pods_SampleAppExample.framework */,
			);
			name = Frameworks;
			sourceTree = "<group>";
		};
		7F68158FE29FE2C3BC4A81E7 /* Pods */ = {
			isa = PBXGroup;
			children = (
				E8F0CD66D206E4F7077FAE4C /* Pods-SampleAppExample.debug.xcconfig */,
				FD7316C3719F66106403BCBE /* Pods-SampleAppExample.release.xcconfig */,
			);
			path = Pods;
			sourceTree = "<group>";
		};
		DD1F2060267129E8009F3EE3 = {
			isa = PBXGroup;
			children = (
				DD1F206B267129E8009F3EE3 /* SampleAppExample */,
				DD1F206A267129E8009F3EE3 /* Products */,
				7F68158FE29FE2C3BC4A81E7 /* Pods */,
				144208BB525772E6F851501F /* Frameworks */,
			);
			sourceTree = "<group>";
		};
		DD1F206A267129E8009F3EE3 /* Products */ = {
			isa = PBXGroup;
			children = (
				DD1F2069267129E8009F3EE3 /* SampleAppExample.app */,
			);
			name = Products;
			sourceTree = "<group>";
		};
		DD1F206B267129E8009F3EE3 /* SampleAppExample */ = {
			isa = PBXGroup;
			children = (
				DD1F206C267129E8009F3EE3 /* AppDelegate.swift */,
				DD1F206E267129E8009F3EE3 /* SceneDelegate.swift */,
				DD1F2070267129E8009F3EE3 /* ViewController.swift */,
				DD1F2072267129E8009F3EE3 /* Main.storyboard */,
				DD1F2075267129EA009F3EE3 /* Assets.xcassets */,
				DD1F2077267129EA009F3EE3 /* LaunchScreen.storyboard */,
				DD1F207A267129EA009F3EE3 /* Info.plist */,
			);
			path = SampleAppExample;
			sourceTree = "<group>";
		};
/* End PBXGroup section */

/* Begin PBXNativeTarget section */
		DD1F2068267129E8009F3EE3 /* SampleAppExample */ = {
			isa = PBXNativeTarget;
			buildConfigurationList = DD1F207D267129EA009F3EE3 /* Build configuration list for PBXNativeTarget "SampleAppExample" */;
			buildPhases = (
				5D3A3F6CD7922A2A4C0BDC18 /* [CP] Check Pods Manifest.lock */,
				DD1F2065267129E8009F3EE3 /* Sources */,
				DD1F2066267129E8009F3EE3 /* Frameworks */,
				DD1F2067267129E8009F3EE3 /* Resources */,
				726BDB792FC27376BD26FB46 /* [CP] Embed Pods Frameworks */,
			);
			buildRules = (
			);
			dependencies = (
			);
			name = SampleAppExample;
			productName = SampleAppExample;
			productReference = DD1F2069267129E8009F3EE3 /* SampleAppExample.app */;
			productType = "com.apple.product-type.application";
		};
/* End PBXNativeTarget section */

/* Begin PBXProject section */
		DD1F2061267129E8009F3EE3 /* Project object */ = {
			isa = PBXProject;
			attributes = {
				LastSwiftUpdateCheck = 1250;
				LastUpgradeCheck = 1250;
				TargetAttributes = {
					DD1F2068267129E8009F3EE3 = {
						CreatedOnToolsVersion = 12.5;
					};
				};
			};
			buildConfigurationList = DD1F2064267129E8009F3EE3 /* Build configuration list for PBXProject "SampleAppExample" */;
			compatibilityVersion = "Xcode 9.3";
			developmentRegion = en;
			hasScannedForEncodings = 0;
			knownRegions = (
				en,
				Base,
			);
			mainGroup = DD1F2060267129E8009F3EE3;
			productRefGroup = DD1F206A267129E8009F3EE3 /* Products */;
			projectDirPath = "";
			projectRoot = "";
			targets = (
				DD1F2068267129E8009F3EE3 /* SampleAppExample */,
			);
		};
/* End PBXProject section */

/* Begin PBXResourcesBuildPhase section */
		DD1F2067267129E8009F3EE3 /* Resources */ = {
			isa = PBXResourcesBuildPhase;
			buildActionMask = 2147483647;
			files = (
				DD1F2079267129EA009F3EE3 /* LaunchScreen.storyboard in Resources */,
				DD1F2076267129EA009F3EE3 /* Assets.xcassets in Resources */,
				DD1F2074267129E8009F3EE3 /* Main.storyboard in Resources */,
			);
			runOnlyForDeploymentPostprocessing = 0;
		};
/* End PBXResourcesBuildPhase section */

/* Begin PBXShellScriptBuildPhase section */
		5D3A3F6CD7922A2A4C0BDC18 /* [CP] Check Pods Manifest.lock */ = {
			isa = PBXShellScriptBuildPhase;
			buildActionMask = 2147483647;
			files = (
			);
			inputFileListPaths = (
			);
			inputPaths = (
				"${PODS_PODFILE_DIR_PATH}/Podfile.lock",
				"${PODS_ROOT}/Manifest.lock",
			);
			name = "[CP] Check Pods Manifest.lock";
			outputFileListPaths = (
			);
			outputPaths = (
				"$(DERIVED_FILE_DIR)/Pods-SampleAppExample-checkManifestLockResult.txt",
			);
			runOnlyForDeploymentPostprocessing = 0;
			shellPath = /bin/sh;
			shellScript = "diff \"${PODS_PODFILE_DIR_PATH}/Podfile.lock\" \"${PODS_ROOT}/Manifest.lock\" > /dev/null\nif [ $? != 0 ] ; then\n    # print error to STDERR\n    echo \"error: The sandbox is not in sync with the Podfile.lock. Run 'pod install' or update your CocoaPods installation.\" >&2\n    exit 1\nfi\n# This output is used by Xcode 'outputs' to avoid re-running this script phase.\necho \"SUCCESS\" > \"${SCRIPT_OUTPUT_FILE_0}\"\n";
			showEnvVarsInLog = 0;
		};
		726BDB792FC27376BD26FB46 /* [CP] Embed Pods Frameworks */ = {
			isa = PBXShellScriptBuildPhase;
			buildActionMask = 2147483647;
			files = (
			);
			inputFileListPaths = (
				"${PODS_ROOT}/Target Support Files/Pods-SampleAppExample/Pods-SampleAppExample-frameworks-${CONFIGURATION}-input-files.xcfilelist",
			);
			name = "[CP] Embed Pods Frameworks";
			outputFileListPaths = (
				"${PODS_ROOT}/Target Support Files/Pods-SampleAppExample/Pods-SampleAppExample-frameworks-${CONFIGURATION}-output-files.xcfilelist",
			);
			runOnlyForDeploymentPostprocessing = 0;
			shellPath = /bin/sh;
			shellScript = "\"${PODS_ROOT}/Target Support Files/Pods-SampleAppExample/Pods-SampleAppExample-frameworks.sh\"\n";
			showEnvVarsInLog = 0;
		};
/* End PBXShellScriptBuildPhase section */

/* Begin PBXSourcesBuildPhase section */
		DD1F2065267129E8009F3EE3 /* Sources */ = {
			isa = PBXSourcesBuildPhase;
			buildActionMask = 2147483647;
			files = (
				DD1F2071267129E8009F3EE3 /* ViewController.swift in Sources */,
				DD1F206D267129E8009F3EE3 /* AppDelegate.swift in Sources */,
				DD1F206F267129E8009F3EE3 /* SceneDelegate.swift in Sources */,
			);
			runOnlyForDeploymentPostprocessing = 0;
		};
/* End PBXSourcesBuildPhase section */

/* Begin PBXVariantGroup section */
		DD1F2072267129E8009F3EE3 /* Main.storyboard */ = {
			isa = PBXVariantGroup;
			children = (
				DD1F2073267129E8009F3EE3 /* Base */,
			);
			name = Main.storyboard;
			sourceTree = "<group>";
		};
		DD1F2077267129EA009F3EE3 /* LaunchScreen.storyboard */ = {
			isa = PBXVariantGroup;
			children = (
				DD1F2078267129EA009F3EE3 /* Base */,
			);
			name = LaunchScreen.storyboard;
			sourceTree = "<group>";
		};
/* End PBXVariantGroup section */

/* Begin XCBuildConfiguration section */
		DD1F207B267129EA009F3EE3 /* Debug */ = {
			isa = XCBuildConfiguration;
			buildSettings = {
				ALWAYS_SEARCH_USER_PATHS = NO;
				CLANG_ANALYZER_NONNULL = YES;
				CLANG_ANALYZER_NUMBER_OBJECT_CONVERSION = YES_AGGRESSIVE;
				CLANG_CXX_LANGUAGE_STANDARD = "gnu++14";
				CLANG_CXX_LIBRARY = "libc++";
				CLANG_ENABLE_MODULES = YES;
				CLANG_ENABLE_OBJC_ARC = YES;
				CLANG_ENABLE_OBJC_WEAK = YES;
				CLANG_WARN_BLOCK_CAPTURE_AUTORELEASING = YES;
				CLANG_WARN_BOOL_CONVERSION = YES;
				CLANG_WARN_COMMA = YES;
				CLANG_WARN_CONSTANT_CONVERSION = YES;
				CLANG_WARN_DEPRECATED_OBJC_IMPLEMENTATIONS = YES;
				CLANG_WARN_DIRECT_OBJC_ISA_USAGE = YES_ERROR;
				CLANG_WARN_DOCUMENTATION_COMMENTS = YES;
				CLANG_WARN_EMPTY_BODY = YES;
				CLANG_WARN_ENUM_CONVERSION = YES;
				CLANG_WARN_INFINITE_RECURSION = YES;
				CLANG_WARN_INT_CONVERSION = YES;
				CLANG_WARN_NON_LITERAL_NULL_CONVERSION = YES;
				CLANG_WARN_OBJC_IMPLICIT_RETAIN_SELF = YES;
				CLANG_WARN_OBJC_LITERAL_CONVERSION = YES;
				CLANG_WARN_OBJC_ROOT_CLASS = YES_ERROR;
				CLANG_WARN_QUOTED_INCLUDE_IN_FRAMEWORK_HEADER = YES;
				CLANG_WARN_RANGE_LOOP_ANALYSIS = YES;
				CLANG_WARN_STRICT_PROTOTYPES = YES;
				CLANG_WARN_SUSPICIOUS_MOVE = YES;
				CLANG_WARN_UNGUARDED_AVAILABILITY = YES_AGGRESSIVE;
				CLANG_WARN_UNREACHABLE_CODE = YES;
				CLANG_WARN__DUPLICATE_METHOD_MATCH = YES;
				COPY_PHASE_STRIP = NO;
				DEBUG_INFORMATION_FORMAT = dwarf;
				ENABLE_STRICT_OBJC_MSGSEND = YES;
				ENABLE_TESTABILITY = YES;
				GCC_C_LANGUAGE_STANDARD = gnu11;
				GCC_DYNAMIC_NO_PIC = NO;
				GCC_NO_COMMON_BLOCKS = YES;
				GCC_OPTIMIZATION_LEVEL = 0;
				GCC_PREPROCESSOR_DEFINITIONS = (
					"DEBUG=1",
					"$(inherited)",
				);
				GCC_WARN_64_TO_32_BIT_CONVERSION = YES;
				GCC_WARN_ABOUT_RETURN_TYPE = YES_ERROR;
				GCC_WARN_UNDECLARED_SELECTOR = YES;
				GCC_WARN_UNINITIALIZED_AUTOS = YES_AGGRESSIVE;
				GCC_WARN_UNUSED_FUNCTION = YES;
				GCC_WARN_UNUSED_VARIABLE = YES;
				IPHONEOS_DEPLOYMENT_TARGET = 14.5;
				MTL_ENABLE_DEBUG_INFO = INCLUDE_SOURCE;
				MTL_FAST_MATH = YES;
				ONLY_ACTIVE_ARCH = YES;
				SDKROOT = iphoneos;
				SWIFT_ACTIVE_COMPILATION_CONDITIONS = DEBUG;
				SWIFT_OPTIMIZATION_LEVEL = "-Onone";
			};
			name = Debug;
		};
		DD1F207C267129EA009F3EE3 /* Release */ = {
			isa = XCBuildConfiguration;
			buildSettings = {
				ALWAYS_SEARCH_USER_PATHS = NO;
				CLANG_ANALYZER_NONNULL = YES;
				CLANG_ANALYZER_NUMBER_OBJECT_CONVERSION = YES_AGGRESSIVE;
				CLANG_CXX_LANGUAGE_STANDARD = "gnu++14";
				CLANG_CXX_LIBRARY = "libc++";
				CLANG_ENABLE_MODULES = YES;
				CLANG_ENABLE_OBJC_ARC = YES;
				CLANG_ENABLE_OBJC_WEAK = YES;
				CLANG_WARN_BLOCK_CAPTURE_AUTORELEASING = YES;
				CLANG_WARN_BOOL_CONVERSION = YES;
				CLANG_WARN_COMMA = YES;
				CLANG_WARN_CONSTANT_CONVERSION = YES;
				CLANG_WARN_DEPRECATED_OBJC_IMPLEMENTATIONS = YES;
				CLANG_WARN_DIRECT_OBJC_ISA_USAGE = YES_ERROR;
				CLANG_WARN_DOCUMENTATION_COMMENTS = YES;
				CLANG_WARN_EMPTY_BODY = YES;
				CLANG_WARN_ENUM_CONVERSION = YES;
				CLANG_WARN_INFINITE_RECURSION = YES;
				CLANG_WARN_INT_CONVERSION = YES;
				CLANG_WARN_NON_LITERAL_NULL_CONVERSION = YES;
				CLANG_WARN_OBJC_IMPLICIT_RETAIN_SELF = YES;
				CLANG_WARN_OBJC_LITERAL_CONVERSION = YES;
				CLANG_WARN_OBJC_ROOT_CLASS = YES_ERROR;
				CLANG_WARN_QUOTED_INCLUDE_IN_FRAMEWORK_HEADER = YES;
				CLANG_WARN_RANGE_LOOP_ANALYSIS = YES;
				CLANG_WARN_STRICT_PROTOTYPES = YES;
				CLANG_WARN_SUSPICIOUS_MOVE = YES;
				CLANG_WARN_UNGUARDED_AVAILABILITY = YES_AGGRESSIVE;
				CLANG_WARN_UNREACHABLE_CODE = YES;
				CLANG_WARN__DUPLICATE_METHOD_MATCH = YES;
				COPY_PHASE_STRIP = NO;
				DEBUG_INFORMATION_FORMAT = "dwarf-with-dsym";
				ENABLE_NS_ASSERTIONS = NO;
				ENABLE_STRICT_OBJC_MSGSEND = YES;
				GCC_C_LANGUAGE_STANDARD = gnu11;
				GCC_NO_COMMON_BLOCKS = YES;
				GCC_WARN_64_TO_32_BIT_CONVERSION = YES;
				GCC_WARN_ABOUT_RETURN_TYPE = YES_ERROR;
				GCC_WARN_UNDECLARED_SELECTOR = YES;
				GCC_WARN_UNINITIALIZED_AUTOS = YES_AGGRESSIVE;
				GCC_WARN_UNUSED_FUNCTION = YES;
				GCC_WARN_UNUSED_VARIABLE = YES;
				IPHONEOS_DEPLOYMENT_TARGET = 14.5;
				MTL_ENABLE_DEBUG_INFO = NO;
				MTL_FAST_MATH = YES;
				SDKROOT = iphoneos;
				SWIFT_COMPILATION_MODE = wholemodule;
				SWIFT_OPTIMIZATION_LEVEL = "-O";
				VALIDATE_PRODUCT = YES;
			};
			name = Release;
		};
		DD1F207E267129EA009F3EE3 /* Debug */ = {
			isa = XCBuildConfiguration;
			baseConfigurationReference = E8F0CD66D206E4F7077FAE4C /* Pods-SampleAppExample.debug.xcconfig */;
			buildSettings = {
				ASSETCATALOG_COMPILER_APPICON_NAME = AppIcon;
				ASSETCATALOG_COMPILER_GLOBAL_ACCENT_COLOR_NAME = AccentColor;
				CODE_SIGN_STYLE = Automatic;
				DEVELOPMENT_TEAM = C62UVZ29R6;
				INFOPLIST_FILE = SampleAppExample/Info.plist;
				IPHONEOS_DEPLOYMENT_TARGET = 13.0;
				LD_RUNPATH_SEARCH_PATHS = (
					"$(inherited)",
					"@executable_path/Frameworks",
				);
				PRODUCT_BUNDLE_IDENTIFIER = afzalhossain.SampleAppExample;
				PRODUCT_NAME = "$(TARGET_NAME)";
				SWIFT_VERSION = 5.0;
				TARGETED_DEVICE_FAMILY = "1,2";
			};
			name = Debug;
		};
		DD1F207F267129EA009F3EE3 /* Release */ = {
			isa = XCBuildConfiguration;
			baseConfigurationReference = FD7316C3719F66106403BCBE /* Pods-SampleAppExample.release.xcconfig */;
			buildSettings = {
				ASSETCATALOG_COMPILER_APPICON_NAME = AppIcon;
				ASSETCATALOG_COMPILER_GLOBAL_ACCENT_COLOR_NAME = AccentColor;
				CODE_SIGN_STYLE = Automatic;
				DEVELOPMENT_TEAM = C62UVZ29R6;
				INFOPLIST_FILE = SampleAppExample/Info.plist;
				IPHONEOS_DEPLOYMENT_TARGET = 13.0;
				LD_RUNPATH_SEARCH_PATHS = (
					"$(inherited)",
					"@executable_path/Frameworks",
				);
				PRODUCT_BUNDLE_IDENTIFIER = afzalhossain.SampleAppExample;
				PRODUCT_NAME = "$(TARGET_NAME)";
				SWIFT_VERSION = 5.0;
				TARGETED_DEVICE_FAMILY = "1,2";
			};
			name = Release;
		};
/* End XCBuildConfiguration section */

/* Begin XCConfigurationList section */
		DD1F2064267129E8009F3EE3 /* Build configuration list for PBXProject "SampleAppExample" */ = {
			isa = XCConfigurationList;
			buildConfigurations = (
				DD1F207B267129EA009F3EE3 /* Debug */,
				DD1F207C267129EA009F3EE3 /* Release */,
			);
			defaultConfigurationIsVisible = 0;
			defaultConfigurationName = Release;
		};
		DD1F207D267129EA009F3EE3 /* Build configuration list for PBXNativeTarget "SampleAppExample" */ = {
			isa = XCConfigurationList;
			buildConfigurations = (
				DD1F207E267129EA009F3EE3 /* Debug */,
				DD1F207F267129EA009F3EE3 /* Release */,
			);
			defaultConfigurationIsVisible = 0;
			defaultConfigurationName = Release;
		};
/* End XCConfigurationList section */
	};
	rootObject = DD1F2061267129E8009F3EE3 /* Project object */;
}
